
Microsoft Visual Studio Solution File, Format Version 12.00
# Visual Studio Version 17
VisualStudioVersion = 17.13.35913.81 d17.13
MinimumVisualStudioVersion = 10.0.40219.1
Project("{2150E333-8FDC-42A3-9474-1A3956D46DE8}") = "Task0", "Task0", "{02EA681E-C7D8-13C7-8484-4AC65E1B71E8}"
EndProject
Project("{FAE04EC0-301F-11D3-BF4B-00C04F79EFBC}") = "Tiuiu.VdovinAS.Sprint0.Task0.V0", "Tiuiu.VdovinAS.Sprint0.Task0.V0\Tiuiu.VdovinAS.Sprint0.Task0.V0.csproj", "{9ED66E46-E1FA-4BAC-BF0A-9907AC5DC394}"
EndProject
Global
	GlobalSection(SolutionConfigurationPlatforms) = preSolution
		Debug|Any CPU = Debug|Any CPU
		Release|Any CPU = Release|Any CPU
	EndGlobalSection
	GlobalSection(ProjectConfigurationPlatforms) = postSolution
		{9ED66E46-E1FA-4BAC-BF0A-9907AC5DC394}.Debug|Any CPU.ActiveCfg = Debug|Any CPU
		{9ED66E46-E1FA-4BAC-BF0A-9907AC5DC394}.Debug|Any CPU.Build.0 = Debug|Any CPU
		{9ED66E46-E1FA-4BAC-BF0A-9907AC5DC394}.Release|Any CPU.ActiveCfg = Release|Any CPU
		{9ED66E46-E1FA-4BAC-BF0A-9907AC5DC394}.Release|Any CPU.Build.0 = Release|Any CPU
	EndGlobalSection
	GlobalSection(SolutionProperties) = preSolution
		HideSolutionNode = FALSE
	EndGlobalSection
	GlobalSection(NestedProjects) = preSolution
		{9ED66E46-E1FA-4BAC-BF0A-9907AC5DC394} = {02EA681E-C7D8-13C7-8484-4AC65E1B71E8}
	EndGlobalSection
	GlobalSection(ExtensibilityGlobals) = postSolution
		SolutionGuid = {74944F31-937D-49DF-B791-1CB03C6E8DAD}
	EndGlobalSection
EndGlobal
